// !$*UTF8*$!
{
	archiveVersion = 1;
	classes = {
	};
	objectVersion = 53;
	objects = {

/* Begin PBXBuildFile section */
		9D1AE84A24EE98E5006D3AEF /* CompositeAppDelegateConfigurator.swift in Sources */ = {isa = PBXBuildFile; fileRef = 9D1AE84924EE98E5006D3AEF /* CompositeAppDelegateConfigurator.swift */; };
		9D1AE84C24EE991F006D3AEF /* UiAppDelegateConfigurator.swift in Sources */ = {isa = PBXBuildFile; fileRef = 9D1AE84B24EE991F006D3AEF /* UiAppDelegateConfigurator.swift */; };
		9D1AE85224EE9BB7006D3AEF /* UITableView+Dequeue.swift in Sources */ = {isa = PBXBuildFile; fileRef = 9D1AE85124EE9BB7006D3AEF /* UITableView+Dequeue.swift */; };
		9D1AE85424EE9BD3006D3AEF /* UITableView+Register.swift in Sources */ = {isa = PBXBuildFile; fileRef = 9D1AE85324EE9BD3006D3AEF /* UITableView+Register.swift */; };
		9D1AE8DC24EEAA0B006D3AEF /* Coordinator.swift in Sources */ = {isa = PBXBuildFile; fileRef = 9D1AE8DB24EEAA0B006D3AEF /* Coordinator.swift */; };
		9D1AE8DE24EEAB82006D3AEF /* BaseView.swift in Sources */ = {isa = PBXBuildFile; fileRef = 9D1AE8DD24EEAB82006D3AEF /* BaseView.swift */; };
		9D1AE8F524EEB151006D3AEF /* AuthCoordinator.swift in Sources */ = {isa = PBXBuildFile; fileRef = 9D1AE8F424EEB151006D3AEF /* AuthCoordinator.swift */; };
		9D1AE8F924EEB286006D3AEF /* SignInViewController.swift in Sources */ = {isa = PBXBuildFile; fileRef = 9D1AE8F824EEB286006D3AEF /* SignInViewController.swift */; };
		9D1AE90124EEBBE3006D3AEF /* CoordinatorFactory.swift in Sources */ = {isa = PBXBuildFile; fileRef = 9D1AE90024EEBBE3006D3AEF /* CoordinatorFactory.swift */; };
		9D1AE90324EEBC29006D3AEF /* ModuleFactory.swift in Sources */ = {isa = PBXBuildFile; fileRef = 9D1AE90224EEBC29006D3AEF /* ModuleFactory.swift */; };
		9D1AE90524EEBC48006D3AEF /* AuthModuleFactory.swift in Sources */ = {isa = PBXBuildFile; fileRef = 9D1AE90424EEBC48006D3AEF /* AuthModuleFactory.swift */; };
		9D1AE90724EEBF11006D3AEF /* Presentable.swift in Sources */ = {isa = PBXBuildFile; fileRef = 9D1AE90624EEBF11006D3AEF /* Presentable.swift */; };
		9D1AE90924EEC1E2006D3AEF /* SignInViewController.xib in Resources */ = {isa = PBXBuildFile; fileRef = 9D1AE90824EEC1E2006D3AEF /* SignInViewController.xib */; };
		9D1AE90C24EEC276006D3AEF /* ApplicationCoordinator.swift in Sources */ = {isa = PBXBuildFile; fileRef = 9D1AE90B24EEC276006D3AEF /* ApplicationCoordinator.swift */; };
		9D1AE90F24EEC4F0006D3AEF /* SignUpViewController.swift in Sources */ = {isa = PBXBuildFile; fileRef = 9D1AE90E24EEC4F0006D3AEF /* SignUpViewController.swift */; };
		9D1AE91124EEC52C006D3AEF /* SignUpViewController.xib in Resources */ = {isa = PBXBuildFile; fileRef = 9D1AE91024EEC52C006D3AEF /* SignUpViewController.xib */; };
		9D1AE91424EF8DBF006D3AEF /* PrimaryButton.swift in Sources */ = {isa = PBXBuildFile; fileRef = 9D1AE91324EF8DBF006D3AEF /* PrimaryButton.swift */; };
		9D1AE91E24EF9211006D3AEF /* NVActivityIndicatorView.framework in Frameworks */ = {isa = PBXBuildFile; fileRef = 9D1AE91824EF9211006D3AEF /* NVActivityIndicatorView.framework */; };
		9D1AE92024EF9211006D3AEF /* Promises.framework in Frameworks */ = {isa = PBXBuildFile; fileRef = 9D1AE91924EF9211006D3AEF /* Promises.framework */; };
		9D1AE92224EF9211006D3AEF /* FBLPromises.framework in Frameworks */ = {isa = PBXBuildFile; fileRef = 9D1AE91A24EF9211006D3AEF /* FBLPromises.framework */; };
		9D1AE92D24EF9615006D3AEF /* PhoneNumberTextField.swift in Sources */ = {isa = PBXBuildFile; fileRef = 9D1AE92C24EF9615006D3AEF /* PhoneNumberTextField.swift */; };
		9D1AE93124EF9734006D3AEF /* PropertyFormatter.swift in Sources */ = {isa = PBXBuildFile; fileRef = 9D1AE93024EF9734006D3AEF /* PropertyFormatter.swift */; };
		9D1AE93324EF9747006D3AEF /* PhoneNumberFormatter.swift in Sources */ = {isa = PBXBuildFile; fileRef = 9D1AE93224EF9747006D3AEF /* PhoneNumberFormatter.swift */; };
		9D1AE93624EF9B35006D3AEF /* AuthProvider.swift in Sources */ = {isa = PBXBuildFile; fileRef = 9D1AE93524EF9B35006D3AEF /* AuthProvider.swift */; };
		9D1AE93824EF9B56006D3AEF /* NetworkProvider.swift in Sources */ = {isa = PBXBuildFile; fileRef = 9D1AE93724EF9B56006D3AEF /* NetworkProvider.swift */; };
		9D1AE94024EFA0CF006D3AEF /* SmsVerifyProvider.swift in Sources */ = {isa = PBXBuildFile; fileRef = 9D1AE93F24EFA0CF006D3AEF /* SmsVerifyProvider.swift */; };
		9D1AE94524EFA1F2006D3AEF /* SmsDigitTextField.swift in Sources */ = {isa = PBXBuildFile; fileRef = 9D1AE94424EFA1F2006D3AEF /* SmsDigitTextField.swift */; };
		9D1AE94724EFA262006D3AEF /* SmsDigitsStackView.swift in Sources */ = {isa = PBXBuildFile; fileRef = 9D1AE94624EFA262006D3AEF /* SmsDigitsStackView.swift */; };
		9D1AE94A24EFA2CA006D3AEF /* SmsVerifyViewController.swift in Sources */ = {isa = PBXBuildFile; fileRef = 9D1AE94924EFA2CA006D3AEF /* SmsVerifyViewController.swift */; };
		9D1AE94D24EFA53B006D3AEF /* SmsVerifyModuleFactory.swift in Sources */ = {isa = PBXBuildFile; fileRef = 9D1AE94C24EFA53B006D3AEF /* SmsVerifyModuleFactory.swift */; };
		9D1AE94F24EFA5AB006D3AEF /* SmsVerifyInputParameters.swift in Sources */ = {isa = PBXBuildFile; fileRef = 9D1AE94E24EFA5AB006D3AEF /* SmsVerifyInputParameters.swift */; };
		9D1AE95124EFA65D006D3AEF /* SmsVerifyCoordinator.swift in Sources */ = {isa = PBXBuildFile; fileRef = 9D1AE95024EFA65D006D3AEF /* SmsVerifyCoordinator.swift */; };
		9D1AE95324EFB1D6006D3AEF /* SmsVerifyViewController.xib in Resources */ = {isa = PBXBuildFile; fileRef = 9D1AE95224EFB1D6006D3AEF /* SmsVerifyViewController.xib */; };
		9D41DFAE24EFCBBC00D9ED6E /* Router.swift in Sources */ = {isa = PBXBuildFile; fileRef = 9D41DFAD24EFCBBC00D9ED6E /* Router.swift */; };
		9D54B9C624EE96D100CF3661 /* AppDelegate.swift in Sources */ = {isa = PBXBuildFile; fileRef = 9D54B9C524EE96D100CF3661 /* AppDelegate.swift */; };
		9D54B9CF24EE96D400CF3661 /* Assets.xcassets in Resources */ = {isa = PBXBuildFile; fileRef = 9D54B9CE24EE96D400CF3661 /* Assets.xcassets */; };
		9D54B9D224EE96D400CF3661 /* LaunchScreen.storyboard in Resources */ = {isa = PBXBuildFile; fileRef = 9D54B9D024EE96D400CF3661 /* LaunchScreen.storyboard */; };
/* End PBXBuildFile section */

/* Begin PBXFileReference section */
		9D1AE84924EE98E5006D3AEF /* CompositeAppDelegateConfigurator.swift */ = {isa = PBXFileReference; lastKnownFileType = sourcecode.swift; path = CompositeAppDelegateConfigurator.swift; sourceTree = "<group>"; };
		9D1AE84B24EE991F006D3AEF /* UiAppDelegateConfigurator.swift */ = {isa = PBXFileReference; lastKnownFileType = sourcecode.swift; path = UiAppDelegateConfigurator.swift; sourceTree = "<group>"; };
		9D1AE85124EE9BB7006D3AEF /* UITableView+Dequeue.swift */ = {isa = PBXFileReference; lastKnownFileType = sourcecode.swift; path = "UITableView+Dequeue.swift"; sourceTree = "<group>"; };
		9D1AE85324EE9BD3006D3AEF /* UITableView+Register.swift */ = {isa = PBXFileReference; lastKnownFileType = sourcecode.swift; path = "UITableView+Register.swift"; sourceTree = "<group>"; };
		9D1AE8DB24EEAA0B006D3AEF /* Coordinator.swift */ = {isa = PBXFileReference; lastKnownFileType = sourcecode.swift; path = Coordinator.swift; sourceTree = "<group>"; };
		9D1AE8DD24EEAB82006D3AEF /* BaseView.swift */ = {isa = PBXFileReference; lastKnownFileType = sourcecode.swift; path = BaseView.swift; sourceTree = "<group>"; };
		9D1AE8F424EEB151006D3AEF /* AuthCoordinator.swift */ = {isa = PBXFileReference; lastKnownFileType = sourcecode.swift; name = AuthCoordinator.swift; path = ../../../../../Documents/AuthCoordinator.swift; sourceTree = "<group>"; };
		9D1AE8F824EEB286006D3AEF /* SignInViewController.swift */ = {isa = PBXFileReference; lastKnownFileType = sourcecode.swift; name = SignInViewController.swift; path = ../../../../../../../Documents/SignInViewController.swift; sourceTree = "<group>"; };
		9D1AE90024EEBBE3006D3AEF /* CoordinatorFactory.swift */ = {isa = PBXFileReference; lastKnownFileType = sourcecode.swift; path = CoordinatorFactory.swift; sourceTree = "<group>"; };
		9D1AE90224EEBC29006D3AEF /* ModuleFactory.swift */ = {isa = PBXFileReference; lastKnownFileType = sourcecode.swift; path = ModuleFactory.swift; sourceTree = "<group>"; };
		9D1AE90424EEBC48006D3AEF /* AuthModuleFactory.swift */ = {isa = PBXFileReference; lastKnownFileType = sourcecode.swift; path = AuthModuleFactory.swift; sourceTree = "<group>"; };
		9D1AE90624EEBF11006D3AEF /* Presentable.swift */ = {isa = PBXFileReference; lastKnownFileType = sourcecode.swift; path = Presentable.swift; sourceTree = "<group>"; };
		9D1AE90824EEC1E2006D3AEF /* SignInViewController.xib */ = {isa = PBXFileReference; lastKnownFileType = file.xib; path = SignInViewController.xib; sourceTree = "<group>"; };
		9D1AE90B24EEC276006D3AEF /* ApplicationCoordinator.swift */ = {isa = PBXFileReference; lastKnownFileType = sourcecode.swift; path = ApplicationCoordinator.swift; sourceTree = "<group>"; };
		9D1AE90E24EEC4F0006D3AEF /* SignUpViewController.swift */ = {isa = PBXFileReference; lastKnownFileType = sourcecode.swift; path = SignUpViewController.swift; sourceTree = "<group>"; };
		9D1AE91024EEC52C006D3AEF /* SignUpViewController.xib */ = {isa = PBXFileReference; lastKnownFileType = file.xib; path = SignUpViewController.xib; sourceTree = "<group>"; };
		9D1AE91324EF8DBF006D3AEF /* PrimaryButton.swift */ = {isa = PBXFileReference; lastKnownFileType = sourcecode.swift; path = PrimaryButton.swift; sourceTree = "<group>"; };
		9D1AE91824EF9211006D3AEF /* NVActivityIndicatorView.framework */ = {isa = PBXFileReference; lastKnownFileType = wrapper.framework; name = NVActivityIndicatorView.framework; path = Carthage/Build/iOS/NVActivityIndicatorView.framework; sourceTree = "<group>"; };
		9D1AE91924EF9211006D3AEF /* Promises.framework */ = {isa = PBXFileReference; lastKnownFileType = wrapper.framework; name = Promises.framework; path = Carthage/Build/iOS/Promises.framework; sourceTree = "<group>"; };
		9D1AE91A24EF9211006D3AEF /* FBLPromises.framework */ = {isa = PBXFileReference; lastKnownFileType = wrapper.framework; name = FBLPromises.framework; path = Carthage/Build/iOS/FBLPromises.framework; sourceTree = "<group>"; };
		9D1AE92C24EF9615006D3AEF /* PhoneNumberTextField.swift */ = {isa = PBXFileReference; lastKnownFileType = sourcecode.swift; path = PhoneNumberTextField.swift; sourceTree = "<group>"; };
		9D1AE93024EF9734006D3AEF /* PropertyFormatter.swift */ = {isa = PBXFileReference; lastKnownFileType = sourcecode.swift; path = PropertyFormatter.swift; sourceTree = "<group>"; };
		9D1AE93224EF9747006D3AEF /* PhoneNumberFormatter.swift */ = {isa = PBXFileReference; lastKnownFileType = sourcecode.swift; path = PhoneNumberFormatter.swift; sourceTree = "<group>"; };
		9D1AE93524EF9B35006D3AEF /* AuthProvider.swift */ = {isa = PBXFileReference; lastKnownFileType = sourcecode.swift; path = AuthProvider.swift; sourceTree = "<group>"; };
		9D1AE93724EF9B56006D3AEF /* NetworkProvider.swift */ = {isa = PBXFileReference; lastKnownFileType = sourcecode.swift; path = NetworkProvider.swift; sourceTree = "<group>"; };
		9D1AE93F24EFA0CF006D3AEF /* SmsVerifyProvider.swift */ = {isa = PBXFileReference; lastKnownFileType = sourcecode.swift; path = SmsVerifyProvider.swift; sourceTree = "<group>"; };
		9D1AE94424EFA1F2006D3AEF /* SmsDigitTextField.swift */ = {isa = PBXFileReference; lastKnownFileType = sourcecode.swift; path = SmsDigitTextField.swift; sourceTree = "<group>"; };
		9D1AE94624EFA262006D3AEF /* SmsDigitsStackView.swift */ = {isa = PBXFileReference; lastKnownFileType = sourcecode.swift; path = SmsDigitsStackView.swift; sourceTree = "<group>"; };
		9D1AE94924EFA2CA006D3AEF /* SmsVerifyViewController.swift */ = {isa = PBXFileReference; lastKnownFileType = sourcecode.swift; path = SmsVerifyViewController.swift; sourceTree = "<group>"; };
		9D1AE94C24EFA53B006D3AEF /* SmsVerifyModuleFactory.swift */ = {isa = PBXFileReference; lastKnownFileType = sourcecode.swift; path = SmsVerifyModuleFactory.swift; sourceTree = "<group>"; };
		9D1AE94E24EFA5AB006D3AEF /* SmsVerifyInputParameters.swift */ = {isa = PBXFileReference; lastKnownFileType = sourcecode.swift; path = SmsVerifyInputParameters.swift; sourceTree = "<group>"; };
		9D1AE95024EFA65D006D3AEF /* SmsVerifyCoordinator.swift */ = {isa = PBXFileReference; lastKnownFileType = sourcecode.swift; path = SmsVerifyCoordinator.swift; sourceTree = "<group>"; };
		9D1AE95224EFB1D6006D3AEF /* SmsVerifyViewController.xib */ = {isa = PBXFileReference; lastKnownFileType = file.xib; path = SmsVerifyViewController.xib; sourceTree = "<group>"; };
		9D41DFAD24EFCBBC00D9ED6E /* Router.swift */ = {isa = PBXFileReference; lastKnownFileType = sourcecode.swift; path = Router.swift; sourceTree = "<group>"; };
		9D54B9C224EE96D100CF3661 /* Coordinator.app */ = {isa = PBXFileReference; explicitFileType = wrapper.application; includeInIndex = 0; path = Coordinator.app; sourceTree = BUILT_PRODUCTS_DIR; };
		9D54B9C524EE96D100CF3661 /* AppDelegate.swift */ = {isa = PBXFileReference; lastKnownFileType = sourcecode.swift; name = AppDelegate.swift; path = ../AppDelegate.swift; sourceTree = "<group>"; };
		9D54B9CE24EE96D400CF3661 /* Assets.xcassets */ = {isa = PBXFileReference; lastKnownFileType = folder.assetcatalog; path = Assets.xcassets; sourceTree = "<group>"; };
		9D54B9D124EE96D400CF3661 /* Base */ = {isa = PBXFileReference; lastKnownFileType = file.storyboard; name = Base; path = Base.lproj/LaunchScreen.storyboard; sourceTree = "<group>"; };
		9D54B9D324EE96D400CF3661 /* Info.plist */ = {isa = PBXFileReference; lastKnownFileType = text.plist.xml; path = Info.plist; sourceTree = "<group>"; };
/* End PBXFileReference section */

/* Begin PBXFrameworksBuildPhase section */
		9D54B9BF24EE96D100CF3661 /* Frameworks */ = {
			isa = PBXFrameworksBuildPhase;
			buildActionMask = 2147483647;
			files = (
				9D1AE92224EF9211006D3AEF /* FBLPromises.framework in Frameworks */,
				9D1AE92024EF9211006D3AEF /* Promises.framework in Frameworks */,
				9D1AE91E24EF9211006D3AEF /* NVActivityIndicatorView.framework in Frameworks */,
			);
			runOnlyForDeploymentPostprocessing = 0;
		};
/* End PBXFrameworksBuildPhase section */

/* Begin PBXGroup section */
		9D1AE84724EE98C8006D3AEF /* Application */ = {
			isa = PBXGroup;
			children = (
				9D54B9C524EE96D100CF3661 /* AppDelegate.swift */,
				9D1AE90A24EEC25B006D3AEF /* ApplicationCoordinator */,
				9D1AE84824EE98CF006D3AEF /* Configurators */,
			);
			path = Application;
			sourceTree = "<group>";
		};
		9D1AE84824EE98CF006D3AEF /* Configurators */ = {
			isa = PBXGroup;
			children = (
				9D1AE84924EE98E5006D3AEF /* CompositeAppDelegateConfigurator.swift */,
				9D1AE84B24EE991F006D3AEF /* UiAppDelegateConfigurator.swift */,
			);
			path = Configurators;
			sourceTree = "<group>";
		};
		9D1AE84D24EE9B69006D3AEF /* Core */ = {
			isa = PBXGroup;
			children = (
				9D1AE91224EF8D68006D3AEF /* UIComponents */,
				9D1AE92E24EF96F6006D3AEF /* Services */,
				9D1AE93424EF9B1F006D3AEF /* Providers */,
				9D1AE84E24EE9B70006D3AEF /* UIKit */,
			);
			path = Core;
			sourceTree = "<group>";
		};
		9D1AE84E24EE9B70006D3AEF /* UIKit */ = {
			isa = PBXGroup;
			children = (
				9D1AE85624EE9C09006D3AEF /* Coordinator */,
				9D1AE84F24EE9B7A006D3AEF /* Extensions */,
			);
			path = UIKit;
			sourceTree = "<group>";
		};
		9D1AE84F24EE9B7A006D3AEF /* Extensions */ = {
			isa = PBXGroup;
			children = (
				9D1AE85024EE9B8A006D3AEF /* UITableView */,
			);
			path = Extensions;
			sourceTree = "<group>";
		};
		9D1AE85024EE9B8A006D3AEF /* UITableView */ = {
			isa = PBXGroup;
			children = (
				9D1AE85124EE9BB7006D3AEF /* UITableView+Dequeue.swift */,
				9D1AE85324EE9BD3006D3AEF /* UITableView+Register.swift */,
			);
			path = UITableView;
			sourceTree = "<group>";
		};
		9D1AE85624EE9C09006D3AEF /* Coordinator */ = {
			isa = PBXGroup;
			children = (
				9D1AE8DB24EEAA0B006D3AEF /* Coordinator.swift */,
				9D41DFAD24EFCBBC00D9ED6E /* Router.swift */,
				9D1AE8FD24EEBAC7006D3AEF /* Factories */,
				9D1AE8DF24EEABC1006D3AEF /* Protocols */,
			);
			path = Coordinator;
			sourceTree = "<group>";
		};
		9D1AE8DF24EEABC1006D3AEF /* Protocols */ = {
			isa = PBXGroup;
			children = (
				9D1AE8DD24EEAB82006D3AEF /* BaseView.swift */,
				9D1AE90624EEBF11006D3AEF /* Presentable.swift */,
			);
			path = Protocols;
			sourceTree = "<group>";
		};
		9D1AE8F124EEB10D006D3AEF /* Flows */ = {
			isa = PBXGroup;
			children = (
				9D1AE8F224EEB117006D3AEF /* Auth */,
				9D1AE94124EFA15C006D3AEF /* SmsVerify */,
			);
			path = Flows;
			sourceTree = "<group>";
		};
		9D1AE8F224EEB117006D3AEF /* Auth */ = {
			isa = PBXGroup;
			children = (
				9D1AE8F424EEB151006D3AEF /* AuthCoordinator.swift */,
				9D1AE90424EEBC48006D3AEF /* AuthModuleFactory.swift */,
				9D1AE8F624EEB267006D3AEF /* Modules */,
			);
			path = Auth;
			sourceTree = "<group>";
		};
		9D1AE8F624EEB267006D3AEF /* Modules */ = {
			isa = PBXGroup;
			children = (
				9D1AE8F724EEB275006D3AEF /* SignIn */,
				9D1AE90D24EEC4E0006D3AEF /* SignUp */,
			);
			path = Modules;
			sourceTree = "<group>";
		};
		9D1AE8F724EEB275006D3AEF /* SignIn */ = {
			isa = PBXGroup;
			children = (
				9D1AE8F824EEB286006D3AEF /* SignInViewController.swift */,
				9D1AE90824EEC1E2006D3AEF /* SignInViewController.xib */,
			);
			path = SignIn;
			sourceTree = "<group>";
		};
		9D1AE8FD24EEBAC7006D3AEF /* Factories */ = {
			isa = PBXGroup;
			children = (
				9D1AE90224EEBC29006D3AEF /* ModuleFactory.swift */,
			);
			path = Factories;
			sourceTree = "<group>";
		};
		9D1AE90A24EEC25B006D3AEF /* ApplicationCoordinator */ = {
			isa = PBXGroup;
			children = (
				9D1AE90B24EEC276006D3AEF /* ApplicationCoordinator.swift */,
				9D1AE90024EEBBE3006D3AEF /* CoordinatorFactory.swift */,
			);
			path = ApplicationCoordinator;
			sourceTree = "<group>";
		};
		9D1AE90D24EEC4E0006D3AEF /* SignUp */ = {
			isa = PBXGroup;
			children = (
				9D1AE90E24EEC4F0006D3AEF /* SignUpViewController.swift */,
				9D1AE91024EEC52C006D3AEF /* SignUpViewController.xib */,
			);
			path = SignUp;
			sourceTree = "<group>";
		};
		9D1AE91224EF8D68006D3AEF /* UIComponents */ = {
			isa = PBXGroup;
			children = (
				9D1AE92C24EF9615006D3AEF /* PhoneNumberTextField.swift */,
				9D1AE91324EF8DBF006D3AEF /* PrimaryButton.swift */,
			);
			path = UIComponents;
			sourceTree = "<group>";
		};
		9D1AE91724EF9211006D3AEF /* Frameworks */ = {
			isa = PBXGroup;
			children = (
				9D1AE91A24EF9211006D3AEF /* FBLPromises.framework */,
				9D1AE91824EF9211006D3AEF /* NVActivityIndicatorView.framework */,
				9D1AE91924EF9211006D3AEF /* Promises.framework */,
			);
			name = Frameworks;
			sourceTree = "<group>";
		};
		9D1AE92E24EF96F6006D3AEF /* Services */ = {
			isa = PBXGroup;
			children = (
				9D1AE92F24EF9726006D3AEF /* Formatters */,
			);
			path = Services;
			sourceTree = "<group>";
		};
		9D1AE92F24EF9726006D3AEF /* Formatters */ = {
			isa = PBXGroup;
			children = (
				9D1AE93224EF9747006D3AEF /* PhoneNumberFormatter.swift */,
				9D1AE93024EF9734006D3AEF /* PropertyFormatter.swift */,
			);
			path = Formatters;
			sourceTree = "<group>";
		};
		9D1AE93424EF9B1F006D3AEF /* Providers */ = {
			isa = PBXGroup;
			children = (
				9D1AE93524EF9B35006D3AEF /* AuthProvider.swift */,
				9D1AE93724EF9B56006D3AEF /* NetworkProvider.swift */,
				9D1AE93F24EFA0CF006D3AEF /* SmsVerifyProvider.swift */,
			);
			path = Providers;
			sourceTree = "<group>";
		};
		9D1AE94124EFA15C006D3AEF /* SmsVerify */ = {
			isa = PBXGroup;
			children = (
				9D1AE95024EFA65D006D3AEF /* SmsVerifyCoordinator.swift */,
				9D1AE94E24EFA5AB006D3AEF /* SmsVerifyInputParameters.swift */,
				9D1AE94C24EFA53B006D3AEF /* SmsVerifyModuleFactory.swift */,
				9D1AE94B24EFA2D7006D3AEF /* Modules */,
			);
			path = SmsVerify;
			sourceTree = "<group>";
		};
		9D1AE94224EFA165006D3AEF /* SmsVerify */ = {
			isa = PBXGroup;
			children = (
				9D1AE94924EFA2CA006D3AEF /* SmsVerifyViewController.swift */,
				9D1AE95224EFB1D6006D3AEF /* SmsVerifyViewController.xib */,
				9D1AE94324EFA17A006D3AEF /* Views */,
			);
			path = SmsVerify;
			sourceTree = "<group>";
		};
		9D1AE94324EFA17A006D3AEF /* Views */ = {
			isa = PBXGroup;
			children = (
				9D1AE94424EFA1F2006D3AEF /* SmsDigitTextField.swift */,
				9D1AE94624EFA262006D3AEF /* SmsDigitsStackView.swift */,
			);
			path = Views;
			sourceTree = "<group>";
		};
		9D1AE94B24EFA2D7006D3AEF /* Modules */ = {
			isa = PBXGroup;
			children = (
				9D1AE94224EFA165006D3AEF /* SmsVerify */,
			);
			path = Modules;
			sourceTree = "<group>";
		};
		9D54B9B924EE96D100CF3661 = {
			isa = PBXGroup;
			children = (
				9D54B9C424EE96D100CF3661 /* Main */,
				9D54B9C324EE96D100CF3661 /* Products */,
				9D1AE91724EF9211006D3AEF /* Frameworks */,
			);
			sourceTree = "<group>";
		};
		9D54B9C324EE96D100CF3661 /* Products */ = {
			isa = PBXGroup;
			children = (
				9D54B9C224EE96D100CF3661 /* Coordinator.app */,
			);
			name = Products;
			sourceTree = "<group>";
		};
		9D54B9C424EE96D100CF3661 /* Main */ = {
			isa = PBXGroup;
			children = (
				9D1AE84724EE98C8006D3AEF /* Application */,
				9D1AE84D24EE9B69006D3AEF /* Core */,
				9D1AE8F124EEB10D006D3AEF /* Flows */,
				9D54B9D924EE96EF00CF3661 /* Supporting Files */,
			);
			path = Main;
			sourceTree = "<group>";
		};
		9D54B9D924EE96EF00CF3661 /* Supporting Files */ = {
			isa = PBXGroup;
			children = (
				9D54B9CE24EE96D400CF3661 /* Assets.xcassets */,
				9D54B9D024EE96D400CF3661 /* LaunchScreen.storyboard */,
				9D54B9D324EE96D400CF3661 /* Info.plist */,
			);
			path = "Supporting Files";
			sourceTree = "<group>";
		};
/* End PBXGroup section */

/* Begin PBXNativeTarget section */
		9D54B9C124EE96D100CF3661 /* Coordinator */ = {
			isa = PBXNativeTarget;
			buildConfigurationList = 9D54B9D624EE96D400CF3661 /* Build configuration list for PBXNativeTarget "Coordinator" */;
			buildPhases = (
				9D1AE92B24EF9235006D3AEF /* Carthage */,
				9D54B9BE24EE96D100CF3661 /* Sources */,
				9D54B9BF24EE96D100CF3661 /* Frameworks */,
				9D54B9C024EE96D100CF3661 /* Resources */,
			);
			buildRules = (
			);
			dependencies = (
			);
			name = Coordinator;
			productName = Coordinator;
			productReference = 9D54B9C224EE96D100CF3661 /* Coordinator.app */;
			productType = "com.apple.product-type.application";
		};
/* End PBXNativeTarget section */

/* Begin PBXProject section */
		9D54B9BA24EE96D100CF3661 /* Project object */ = {
			isa = PBXProject;
			attributes = {
				LastSwiftUpdateCheck = 1160;
				LastUpgradeCheck = 1160;
				ORGANIZATIONNAME = "Nurlan Tolegenov";
				TargetAttributes = {
					9D54B9C124EE96D100CF3661 = {
						CreatedOnToolsVersion = 11.6;
					};
				};
			};
			buildConfigurationList = 9D54B9BD24EE96D100CF3661 /* Build configuration list for PBXProject "Coordinator" */;
			compatibilityVersion = "Xcode 11.4";
			developmentRegion = en;
			hasScannedForEncodings = 0;
			knownRegions = (
				en,
				Base,
			);
			mainGroup = 9D54B9B924EE96D100CF3661;
			productRefGroup = 9D54B9C324EE96D100CF3661 /* Products */;
			projectDirPath = "";
			projectRoot = "";
			targets = (
				9D54B9C124EE96D100CF3661 /* Coordinator */,
			);
		};
/* End PBXProject section */

/* Begin PBXResourcesBuildPhase section */
		9D54B9C024EE96D100CF3661 /* Resources */ = {
			isa = PBXResourcesBuildPhase;
			buildActionMask = 2147483647;
			files = (
				9D54B9D224EE96D400CF3661 /* LaunchScreen.storyboard in Resources */,
				9D1AE90924EEC1E2006D3AEF /* SignInViewController.xib in Resources */,
				9D1AE91124EEC52C006D3AEF /* SignUpViewController.xib in Resources */,
				9D54B9CF24EE96D400CF3661 /* Assets.xcassets in Resources */,
				9D1AE95324EFB1D6006D3AEF /* SmsVerifyViewController.xib in Resources */,
			);
			runOnlyForDeploymentPostprocessing = 0;
		};
/* End PBXResourcesBuildPhase section */

/* Begin PBXShellScriptBuildPhase section */
		9D1AE92B24EF9235006D3AEF /* Carthage */ = {
			isa = PBXShellScriptBuildPhase;
			buildActionMask = 12;
			files = (
			);
			inputFileListPaths = (
				input.xcfilelist,
			);
			inputPaths = (
			);
			name = Carthage;
			outputFileListPaths = (
			);
			outputPaths = (
				output.xcfilelist,
			);
			runOnlyForDeploymentPostprocessing = 0;
			shellPath = /bin/sh;
			shellScript = "/usr/local/bin/carthage copy-frameworks\n";
		};
/* End PBXShellScriptBuildPhase section */

/* Begin PBXSourcesBuildPhase section */
		9D54B9BE24EE96D100CF3661 /* Sources */ = {
			isa = PBXSourcesBuildPhase;
			buildActionMask = 2147483647;
			files = (
				9D1AE95124EFA65D006D3AEF /* SmsVerifyCoordinator.swift in Sources */,
				9D54B9C624EE96D100CF3661 /* AppDelegate.swift in Sources */,
				9D1AE84A24EE98E5006D3AEF /* CompositeAppDelegateConfigurator.swift in Sources */,
				9D1AE90524EEBC48006D3AEF /* AuthModuleFactory.swift in Sources */,
				9D41DFAE24EFCBBC00D9ED6E /* Router.swift in Sources */,
				9D1AE85224EE9BB7006D3AEF /* UITableView+Dequeue.swift in Sources */,
				9D1AE84C24EE991F006D3AEF /* UiAppDelegateConfigurator.swift in Sources */,
				9D1AE93124EF9734006D3AEF /* PropertyFormatter.swift in Sources */,
				9D1AE90C24EEC276006D3AEF /* ApplicationCoordinator.swift in Sources */,
				9D1AE93824EF9B56006D3AEF /* NetworkProvider.swift in Sources */,
				9D1AE90124EEBBE3006D3AEF /* CoordinatorFactory.swift in Sources */,
				9D1AE94D24EFA53B006D3AEF /* SmsVerifyModuleFactory.swift in Sources */,
				9D1AE93324EF9747006D3AEF /* PhoneNumberFormatter.swift in Sources */,
				9D1AE91424EF8DBF006D3AEF /* PrimaryButton.swift in Sources */,
				9D1AE8F924EEB286006D3AEF /* SignInViewController.swift in Sources */,
				9D1AE90324EEBC29006D3AEF /* ModuleFactory.swift in Sources */,
				9D1AE8DC24EEAA0B006D3AEF /* Coordinator.swift in Sources */,
				9D1AE94024EFA0CF006D3AEF /* SmsVerifyProvider.swift in Sources */,
				9D1AE94524EFA1F2006D3AEF /* SmsDigitTextField.swift in Sources */,
				9D1AE92D24EF9615006D3AEF /* PhoneNumberTextField.swift in Sources */,
				9D1AE90F24EEC4F0006D3AEF /* SignUpViewController.swift in Sources */,
				9D1AE85424EE9BD3006D3AEF /* UITableView+Register.swift in Sources */,
				9D1AE8DE24EEAB82006D3AEF /* BaseView.swift in Sources */,
				9D1AE93624EF9B35006D3AEF /* AuthProvider.swift in Sources */,
				9D1AE94724EFA262006D3AEF /* SmsDigitsStackView.swift in Sources */,
				9D1AE94A24EFA2CA006D3AEF /* SmsVerifyViewController.swift in Sources */,
				9D1AE94F24EFA5AB006D3AEF /* SmsVerifyInputParameters.swift in Sources */,
				9D1AE8F524EEB151006D3AEF /* AuthCoordinator.swift in Sources */,
				9D1AE90724EEBF11006D3AEF /* Presentable.swift in Sources */,
			);
			runOnlyForDeploymentPostprocessing = 0;
		};
/* End PBXSourcesBuildPhase section */

/* Begin PBXVariantGroup section */
		9D54B9D024EE96D400CF3661 /* LaunchScreen.storyboard */ = {
			isa = PBXVariantGroup;
			children = (
				9D54B9D124EE96D400CF3661 /* Base */,
			);
			name = LaunchScreen.storyboard;
			sourceTree = "<group>";
		};
/* End PBXVariantGroup section */

/* Begin XCBuildConfiguration section */
		9D54B9D424EE96D400CF3661 /* Debug */ = {
			isa = XCBuildConfiguration;
			buildSettings = {
				ALWAYS_SEARCH_USER_PATHS = NO;
				CLANG_ANALYZER_NONNULL = YES;
				CLANG_ANALYZER_NUMBER_OBJECT_CONVERSION = YES_AGGRESSIVE;
				CLANG_CXX_LANGUAGE_STANDARD = "gnu++14";
				CLANG_CXX_LIBRARY = "libc++";
				CLANG_ENABLE_MODULES = YES;
				CLANG_ENABLE_OBJC_ARC = YES;
				CLANG_ENABLE_OBJC_WEAK = YES;
				CLANG_WARN_BLOCK_CAPTURE_AUTORELEASING = YES;
				CLANG_WARN_BOOL_CONVERSION = YES;
				CLANG_WARN_COMMA = YES;
				CLANG_WARN_CONSTANT_CONVERSION = YES;
				CLANG_WARN_DEPRECATED_OBJC_IMPLEMENTATIONS = YES;
				CLANG_WARN_DIRECT_OBJC_ISA_USAGE = YES_ERROR;
				CLANG_WARN_DOCUMENTATION_COMMENTS = YES;
				CLANG_WARN_EMPTY_BODY = YES;
				CLANG_WARN_ENUM_CONVERSION = YES;
				CLANG_WARN_INFINITE_RECURSION = YES;
				CLANG_WARN_INT_CONVERSION = YES;
				CLANG_WARN_NON_LITERAL_NULL_CONVERSION = YES;
				CLANG_WARN_OBJC_IMPLICIT_RETAIN_SELF = YES;
				CLANG_WARN_OBJC_LITERAL_CONVERSION = YES;
				CLANG_WARN_OBJC_ROOT_CLASS = YES_ERROR;
				CLANG_WARN_RANGE_LOOP_ANALYSIS = YES;
				CLANG_WARN_STRICT_PROTOTYPES = YES;
				CLANG_WARN_SUSPICIOUS_MOVE = YES;
				CLANG_WARN_UNGUARDED_AVAILABILITY = YES_AGGRESSIVE;
				CLANG_WARN_UNREACHABLE_CODE = YES;
				CLANG_WARN__DUPLICATE_METHOD_MATCH = YES;
				COPY_PHASE_STRIP = NO;
				CURRENT_PROJECT_VERSION = 0;
				DEBUG_INFORMATION_FORMAT = dwarf;
				ENABLE_STRICT_OBJC_MSGSEND = YES;
				ENABLE_TESTABILITY = YES;
				GCC_C_LANGUAGE_STANDARD = gnu11;
				GCC_DYNAMIC_NO_PIC = NO;
				GCC_NO_COMMON_BLOCKS = YES;
				GCC_OPTIMIZATION_LEVEL = 0;
				GCC_PREPROCESSOR_DEFINITIONS = (
					"DEBUG=1",
					"$(inherited)",
				);
				GCC_WARN_64_TO_32_BIT_CONVERSION = YES;
				GCC_WARN_ABOUT_RETURN_TYPE = YES_ERROR;
				GCC_WARN_UNDECLARED_SELECTOR = YES;
				GCC_WARN_UNINITIALIZED_AUTOS = YES_AGGRESSIVE;
				GCC_WARN_UNUSED_FUNCTION = YES;
				GCC_WARN_UNUSED_VARIABLE = YES;
				IPHONEOS_DEPLOYMENT_TARGET = 13.0;
				MTL_ENABLE_DEBUG_INFO = INCLUDE_SOURCE;
				MTL_FAST_MATH = YES;
				ONLY_ACTIVE_ARCH = YES;
				SDKROOT = iphoneos;
				SWIFT_ACTIVE_COMPILATION_CONDITIONS = DEBUG;
				SWIFT_OPTIMIZATION_LEVEL = "-Onone";
				VERSIONING_SYSTEM = "apple-generic";
			};
			name = Debug;
		};
		9D54B9D524EE96D400CF3661 /* Release */ = {
			isa = XCBuildConfiguration;
			buildSettings = {
				ALWAYS_SEARCH_USER_PATHS = NO;
				CLANG_ANALYZER_NONNULL = YES;
				CLANG_ANALYZER_NUMBER_OBJECT_CONVERSION = YES_AGGRESSIVE;
				CLANG_CXX_LANGUAGE_STANDARD = "gnu++14";
				CLANG_CXX_LIBRARY = "libc++";
				CLANG_ENABLE_MODULES = YES;
				CLANG_ENABLE_OBJC_ARC = YES;
				CLANG_ENABLE_OBJC_WEAK = YES;
				CLANG_WARN_BLOCK_CAPTURE_AUTORELEASING = YES;
				CLANG_WARN_BOOL_CONVERSION = YES;
				CLANG_WARN_COMMA = YES;
				CLANG_WARN_CONSTANT_CONVERSION = YES;
				CLANG_WARN_DEPRECATED_OBJC_IMPLEMENTATIONS = YES;
				CLANG_WARN_DIRECT_OBJC_ISA_USAGE = YES_ERROR;
				CLANG_WARN_DOCUMENTATION_COMMENTS = YES;
				CLANG_WARN_EMPTY_BODY = YES;
				CLANG_WARN_ENUM_CONVERSION = YES;
				CLANG_WARN_INFINITE_RECURSION = YES;
				CLANG_WARN_INT_CONVERSION = YES;
				CLANG_WARN_NON_LITERAL_NULL_CONVERSION = YES;
				CLANG_WARN_OBJC_IMPLICIT_RETAIN_SELF = YES;
				CLANG_WARN_OBJC_LITERAL_CONVERSION = YES;
				CLANG_WARN_OBJC_ROOT_CLASS = YES_ERROR;
				CLANG_WARN_RANGE_LOOP_ANALYSIS = YES;
				CLANG_WARN_STRICT_PROTOTYPES = YES;
				CLANG_WARN_SUSPICIOUS_MOVE = YES;
				CLANG_WARN_UNGUARDED_AVAILABILITY = YES_AGGRESSIVE;
				CLANG_WARN_UNREACHABLE_CODE = YES;
				CLANG_WARN__DUPLICATE_METHOD_MATCH = YES;
				COPY_PHASE_STRIP = NO;
				CURRENT_PROJECT_VERSION = 0;
				DEBUG_INFORMATION_FORMAT = "dwarf-with-dsym";
				ENABLE_NS_ASSERTIONS = NO;
				ENABLE_STRICT_OBJC_MSGSEND = YES;
				GCC_C_LANGUAGE_STANDARD = gnu11;
				GCC_NO_COMMON_BLOCKS = YES;
				GCC_WARN_64_TO_32_BIT_CONVERSION = YES;
				GCC_WARN_ABOUT_RETURN_TYPE = YES_ERROR;
				GCC_WARN_UNDECLARED_SELECTOR = YES;
				GCC_WARN_UNINITIALIZED_AUTOS = YES_AGGRESSIVE;
				GCC_WARN_UNUSED_FUNCTION = YES;
				GCC_WARN_UNUSED_VARIABLE = YES;
				IPHONEOS_DEPLOYMENT_TARGET = 13.0;
				MTL_ENABLE_DEBUG_INFO = NO;
				MTL_FAST_MATH = YES;
				SDKROOT = iphoneos;
				SWIFT_COMPILATION_MODE = wholemodule;
				SWIFT_OPTIMIZATION_LEVEL = "-O";
				VALIDATE_PRODUCT = YES;
				VERSIONING_SYSTEM = "apple-generic";
			};
			name = Release;
		};
		9D54B9D724EE96D400CF3661 /* Debug */ = {
			isa = XCBuildConfiguration;
			buildSettings = {
				ASSETCATALOG_COMPILER_APPICON_NAME = AppIcon;
				CODE_SIGN_STYLE = Manual;
				DEVELOPMENT_TEAM = "";
				FRAMEWORK_SEARCH_PATHS = (
					"$(inherited)",
					"$(PROJECT_DIR)/Carthage/Build/iOS",
				);
				INFOPLIST_FILE = "Main/Supporting Files/Info.plist";
				IPHONEOS_DEPLOYMENT_TARGET = 13.0;
				LD_RUNPATH_SEARCH_PATHS = (
					"$(inherited)",
					"@executable_path/Frameworks",
				);
				MARKETING_VERSION = 1.0.0;
				PRODUCT_BUNDLE_IDENTIFIER = com.nurberto.coordinator;
				PRODUCT_NAME = "$(TARGET_NAME)";
				PROVISIONING_PROFILE_SPECIFIER = "";
				SWIFT_VERSION = 5.0;
				TARGETED_DEVICE_FAMILY = 1;
			};
			name = Debug;
		};
		9D54B9D824EE96D400CF3661 /* Release */ = {
			isa = XCBuildConfiguration;
			buildSettings = {
				ASSETCATALOG_COMPILER_APPICON_NAME = AppIcon;
				CODE_SIGN_STYLE = Manual;
				DEVELOPMENT_TEAM = "";
				FRAMEWORK_SEARCH_PATHS = (
					"$(inherited)",
					"$(PROJECT_DIR)/Carthage/Build/iOS",
				);
				INFOPLIST_FILE = "Main/Supporting Files/Info.plist";
				IPHONEOS_DEPLOYMENT_TARGET = 13.0;
				LD_RUNPATH_SEARCH_PATHS = (
					"$(inherited)",
					"@executable_path/Frameworks",
				);
				MARKETING_VERSION = 1.0.0;
				PRODUCT_BUNDLE_IDENTIFIER = com.nurberto.coordinator;
				PRODUCT_NAME = "$(TARGET_NAME)";
				PROVISIONING_PROFILE_SPECIFIER = "";
				SWIFT_VERSION = 5.0;
				TARGETED_DEVICE_FAMILY = 1;
			};
			name = Release;
		};
/* End XCBuildConfiguration section */

/* Begin XCConfigurationList section */
		9D54B9BD24EE96D100CF3661 /* Build configuration list for PBXProject "Coordinator" */ = {
			isa = XCConfigurationList;
			buildConfigurations = (
				9D54B9D424EE96D400CF3661 /* Debug */,
				9D54B9D524EE96D400CF3661 /* Release */,
			);
			defaultConfigurationIsVisible = 0;
			defaultConfigurationName = Release;
		};
		9D54B9D624EE96D400CF3661 /* Build configuration list for PBXNativeTarget "Coordinator" */ = {
			isa = XCConfigurationList;
			buildConfigurations = (
				9D54B9D724EE96D400CF3661 /* Debug */,
				9D54B9D824EE96D400CF3661 /* Release */,
			);
			defaultConfigurationIsVisible = 0;
			defaultConfigurationName = Release;
		};
/* End XCConfigurationList section */
	};
	rootObject = 9D54B9BA24EE96D100CF3661 /* Project object */;
}
